
Microsoft Visual Studio Solution File, Format Version 12.00
# Visual Studio Version 17
VisualStudioVersion = 17.13.35828.75
MinimumVisualStudioVersion = 10.0.40219.1
Project("{2150E333-8FDC-42A3-9474-1A3956D46DE8}") = "01.Clients", "01.Clients", "{02EA681E-C7D8-13C7-8484-4AC65E1B71E8}"
EndProject
Project("{2150E333-8FDC-42A3-9474-1A3956D46DE8}") = "02.Api.Gateways", "02.Api.Gateways", "{7F127F65-33E0-4F1F-98F9-8C5D11956D1B}"
EndProject
Project("{2150E333-8FDC-42A3-9474-1A3956D46DE8}") = "03.Services", "03.Services", "{F215E3C0-8F8B-4C0A-B41D-EBF71A7A294D}"
EndProject
Project("{2150E333-8FDC-42A3-9474-1A3956D46DE8}") = "04.Common", "04.Common", "{A329F0FB-31DD-499B-B8F8-2AB6A752559F}"
EndProject
Project("{2150E333-8FDC-42A3-9474-1A3956D46DE8}") = "Web.Gateway", "Web.Gateway", "{D36DC97B-8BDF-46CB-90A3-EA06DAE5BC27}"
EndProject
Project("{2150E333-8FDC-42A3-9474-1A3956D46DE8}") = "01.Identity", "01.Identity", "{BB5C863D-2B42-4C35-93D1-C0CD35795A11}"
EndProject
Project("{2150E333-8FDC-42A3-9474-1A3956D46DE8}") = "02.Catalog", "02.Catalog", "{8B76D441-4042-4F7B-AF51-754E0FB3300E}"
EndProject
Project("{2150E333-8FDC-42A3-9474-1A3956D46DE8}") = "03.Costumer", "03.Costumer", "{11C145C7-7AC7-460E-BF53-CB977CF2060B}"
EndProject
Project("{2150E333-8FDC-42A3-9474-1A3956D46DE8}") = "04.Order", "04.Order", "{BDD726EA-6F5D-4382-8B4B-8045F3A1F278}"
EndProject
Project("{2150E333-8FDC-42A3-9474-1A3956D46DE8}") = "05. Common", "05. Common", "{B39BC7C6-C910-4D31-A3A7-A9964CFCCA82}"
EndProject
Project("{FAE04EC0-301F-11D3-BF4B-00C04F79EFBC}") = "Catalog.API", "src\Services\Catalog\Catalog.API\Catalog.API.csproj", "{D2C79C3C-AB3F-4FA5-823E-B58461507BE4}"
EndProject
Project("{2150E333-8FDC-42A3-9474-1A3956D46DE8}") = "API", "API", "{45488EB3-29D9-4B70-AA5B-1C3733FD4867}"
EndProject
Project("{2150E333-8FDC-42A3-9474-1A3956D46DE8}") = "Common", "Common", "{80B6DE3A-6B7D-431B-B2A2-4190EDE292B0}"
EndProject
Project("{2150E333-8FDC-42A3-9474-1A3956D46DE8}") = "Models", "Models", "{0210E564-98C4-467D-9083-34D4608C9296}"
EndProject
Project("{2150E333-8FDC-42A3-9474-1A3956D46DE8}") = "Persistence", "Persistence", "{F7317EA1-6AB6-454B-AC90-52FBC9EFC059}"
EndProject
Project("{2150E333-8FDC-42A3-9474-1A3956D46DE8}") = "Services", "Services", "{64B5F830-C450-42E6-A1F3-9A77F16FD830}"
EndProject
Project("{FAE04EC0-301F-11D3-BF4B-00C04F79EFBC}") = "Catalog.Domain", "src\Services\Catalog\Catalog.Domain\Catalog.Domain.csproj", "{6FD76E87-40D4-41B1-835E-56718DB894D6}"
EndProject
Project("{FAE04EC0-301F-11D3-BF4B-00C04F79EFBC}") = "Catalog.Persistence.Database", "src\Services\Catalog\Catalog.Persistence.Database\Catalog.Persistence.Database.csproj", "{037B4EE1-4FB6-4EBA-9EE1-E88A78BCCE7D}"
EndProject
Project("{FAE04EC0-301F-11D3-BF4B-00C04F79EFBC}") = "Service.Common.Collection", "src\Services\Common\Service.Common.Collection\Service.Common.Collection.csproj", "{09402011-E9E7-464B-87D8-3FB087F76688}"
EndProject
Project("{FAE04EC0-301F-11D3-BF4B-00C04F79EFBC}") = "Service.Common.Mapping", "src\Services\Common\Service.Common.Mapping\Service.Common.Mapping.csproj", "{5FD5A0DC-88FB-4D43-815C-5098EF4AF977}"
EndProject
Project("{FAE04EC0-301F-11D3-BF4B-00C04F79EFBC}") = "Service.Common.Paging", "src\Services\Common\Service.Common.Paging\Service.Common.Paging.csproj", "{3055DFCD-3003-431A-88E1-3F87DF5DFE45}"
EndProject
Project("{FAE04EC0-301F-11D3-BF4B-00C04F79EFBC}") = "Catalog.Services.Queries", "src\Services\Catalog\Catalog.Services.Queries\Catalog.Services.Queries.csproj", "{B7E291FB-50E5-4C3D-87B6-315162D33294}"
EndProject
Project("{FAE04EC0-301F-11D3-BF4B-00C04F79EFBC}") = "Catalog.Service.EventHandlers", "src\Services\Catalog\Catalog.Service.EventHandlers\Catalog.Service.EventHandlers.csproj", "{D3C34DC9-0CAD-4285-AACD-8FCFEDA26E5C}"
EndProject
Project("{FAE04EC0-301F-11D3-BF4B-00C04F79EFBC}") = "Catalog.Common", "src\Services\Catalog\Catalog.Common\Catalog.Common.csproj", "{14DB640F-416F-4F3B-A403-7699FD3AF8A4}"
EndProject
Project("{FAE04EC0-301F-11D3-BF4B-00C04F79EFBC}") = "Common.Logging", "src\Common.Logging\Common.Logging.csproj", "{E0EAD332-64FA-45E4-BD24-F156A3DCEC1F}"
EndProject
Project("{2150E333-8FDC-42A3-9474-1A3956D46DE8}") = "API", "API", "{5608A8B5-E7C8-4044-B0FF-DE645B535A91}"
EndProject
Project("{2150E333-8FDC-42A3-9474-1A3956D46DE8}") = "Common", "Common", "{1318B8D0-59F8-41DC-977D-4017A7CF5761}"
EndProject
Project("{2150E333-8FDC-42A3-9474-1A3956D46DE8}") = "Models", "Models", "{66E893C3-772A-4691-95A2-D16ED6F075E5}"
EndProject
Project("{2150E333-8FDC-42A3-9474-1A3956D46DE8}") = "Persistence", "Persistence", "{88DB1714-FAF6-4D72-9182-789BF111D9FE}"
EndProject
Project("{2150E333-8FDC-42A3-9474-1A3956D46DE8}") = "Services", "Services", "{03FF9B31-F28A-4EBA-923A-DD1120FA9F29}"
EndProject
Project("{FAE04EC0-301F-11D3-BF4B-00C04F79EFBC}") = "Order.Domain", "src\Services\Order\Order.Domain\Order.Domain\Order.Domain.csproj", "{DA577162-00BE-4389-80C8-6771E9B2D8DE}"
EndProject
Project("{FAE04EC0-301F-11D3-BF4B-00C04F79EFBC}") = "Order.Common", "src\Services\Order\Order.Common\Order.Common\Order.Common.csproj", "{AC5747D4-E520-47BE-886C-52D2CEAF0BEA}"
EndProject
Project("{FAE04EC0-301F-11D3-BF4B-00C04F79EFBC}") = "Order.Persistence.Database", "src\Services\Order\Order.Persistence.Database\Order.Persistence.Database\Order.Persistence.Database.csproj", "{24CF9925-83D2-4A1A-9E3A-0DC477DB314E}"
EndProject
Project("{FAE04EC0-301F-11D3-BF4B-00C04F79EFBC}") = "Order.API", "src\Services\Order\Order.API\Order.API\Order.API.csproj", "{1D1FC75D-9B80-4C1B-A0DC-9C3BA3A2889A}"
EndProject
Project("{FAE04EC0-301F-11D3-BF4B-00C04F79EFBC}") = "Order.Service.EventHandlers", "src\Services\Order\Order.Service.EventHandlers\Order.Service.EventHandlers\Order.Service.EventHandlers.csproj", "{678F9A65-AE33-4F8C-954F-6694F6E1CA36}"
EndProject
Project("{FAE04EC0-301F-11D3-BF4B-00C04F79EFBC}") = "Order.Service.Queries", "src\Services\Order\Order.Service.EventHandlers\Order.Service.Queries\Order.Service.Queries.csproj", "{BC2E9945-E181-4FEE-A13F-EB65CD550DB0}"
EndProject
Project("{2150E333-8FDC-42A3-9474-1A3956D46DE8}") = "API", "API", "{A32385A1-36D1-4435-B0B6-070B352DAC27}"
EndProject
Project("{2150E333-8FDC-42A3-9474-1A3956D46DE8}") = "Models", "Models", "{679D111A-EC07-4467-86EB-ED58E613366B}"
EndProject
Project("{2150E333-8FDC-42A3-9474-1A3956D46DE8}") = "Persistence", "Persistence", "{677FC390-8A15-4EC3-9834-57A7599E9531}"
EndProject
Project("{2150E333-8FDC-42A3-9474-1A3956D46DE8}") = "Services", "Services", "{9440DE25-6578-4BCF-AC6E-8D41CEFB44E9}"
EndProject
Project("{FAE04EC0-301F-11D3-BF4B-00C04F79EFBC}") = "Customer.Domain", "src\Services\Costumer\Costumer.Domain\Customer.Domain\Customer.Domain.csproj", "{34F5FA5A-E43D-4D20-8D73-57FDFB6F4754}"
EndProject
Project("{FAE04EC0-301F-11D3-BF4B-00C04F79EFBC}") = "Costumer.Persistence.Database", "src\Services\Costumer\Costumer.Persistence\Costumer.Persistence.Database\Costumer.Persistence.Database.csproj", "{7385DB30-1385-4C15-9A9E-31D4F52C63CB}"
EndProject
Project("{FAE04EC0-301F-11D3-BF4B-00C04F79EFBC}") = "Costumer.Service.EventHandler", "src\Services\Costumer\Costumer.Service.EventHandler\ClassLibrary1\Costumer.Service.EventHandler.csproj", "{6461FCC6-128C-4048-912D-050541581A02}"
EndProject
Project("{FAE04EC0-301F-11D3-BF4B-00C04F79EFBC}") = "CostumerAPI", "src\Services\Costumer\Costumer.API\CostumerAPI\CostumerAPI.csproj", "{C49F7DF7-4B53-48A1-9DE1-3CDC67BCFF52}"
EndProject
Project("{FAE04EC0-301F-11D3-BF4B-00C04F79EFBC}") = "Costumer.Service.Queries", "src\Services\Costumer\Costumer.Service.Queries\Costumer.Service.Queries\Costumer.Service.Queries.csproj", "{089788F4-8C3F-4A4B-AA74-2A6B3AB0FA2C}"
EndProject
Global
	GlobalSection(SolutionConfigurationPlatforms) = preSolution
		Debug|Any CPU = Debug|Any CPU
		Release|Any CPU = Release|Any CPU
	EndGlobalSection
	GlobalSection(ProjectConfigurationPlatforms) = postSolution
		{D2C79C3C-AB3F-4FA5-823E-B58461507BE4}.Debug|Any CPU.ActiveCfg = Debug|Any CPU
		{D2C79C3C-AB3F-4FA5-823E-B58461507BE4}.Debug|Any CPU.Build.0 = Debug|Any CPU
		{D2C79C3C-AB3F-4FA5-823E-B58461507BE4}.Release|Any CPU.ActiveCfg = Release|Any CPU
		{D2C79C3C-AB3F-4FA5-823E-B58461507BE4}.Release|Any CPU.Build.0 = Release|Any CPU
		{6FD76E87-40D4-41B1-835E-56718DB894D6}.Debug|Any CPU.ActiveCfg = Debug|Any CPU
		{6FD76E87-40D4-41B1-835E-56718DB894D6}.Debug|Any CPU.Build.0 = Debug|Any CPU
		{6FD76E87-40D4-41B1-835E-56718DB894D6}.Release|Any CPU.ActiveCfg = Release|Any CPU
		{6FD76E87-40D4-41B1-835E-56718DB894D6}.Release|Any CPU.Build.0 = Release|Any CPU
		{037B4EE1-4FB6-4EBA-9EE1-E88A78BCCE7D}.Debug|Any CPU.ActiveCfg = Debug|Any CPU
		{037B4EE1-4FB6-4EBA-9EE1-E88A78BCCE7D}.Debug|Any CPU.Build.0 = Debug|Any CPU
		{037B4EE1-4FB6-4EBA-9EE1-E88A78BCCE7D}.Release|Any CPU.ActiveCfg = Release|Any CPU
		{037B4EE1-4FB6-4EBA-9EE1-E88A78BCCE7D}.Release|Any CPU.Build.0 = Release|Any CPU
		{09402011-E9E7-464B-87D8-3FB087F76688}.Debug|Any CPU.ActiveCfg = Debug|Any CPU
		{09402011-E9E7-464B-87D8-3FB087F76688}.Debug|Any CPU.Build.0 = Debug|Any CPU
		{09402011-E9E7-464B-87D8-3FB087F76688}.Release|Any CPU.ActiveCfg = Release|Any CPU
		{09402011-E9E7-464B-87D8-3FB087F76688}.Release|Any CPU.Build.0 = Release|Any CPU
		{5FD5A0DC-88FB-4D43-815C-5098EF4AF977}.Debug|Any CPU.ActiveCfg = Debug|Any CPU
		{5FD5A0DC-88FB-4D43-815C-5098EF4AF977}.Debug|Any CPU.Build.0 = Debug|Any CPU
		{5FD5A0DC-88FB-4D43-815C-5098EF4AF977}.Release|Any CPU.ActiveCfg = Release|Any CPU
		{5FD5A0DC-88FB-4D43-815C-5098EF4AF977}.Release|Any CPU.Build.0 = Release|Any CPU
		{3055DFCD-3003-431A-88E1-3F87DF5DFE45}.Debug|Any CPU.ActiveCfg = Debug|Any CPU
		{3055DFCD-3003-431A-88E1-3F87DF5DFE45}.Debug|Any CPU.Build.0 = Debug|Any CPU
		{3055DFCD-3003-431A-88E1-3F87DF5DFE45}.Release|Any CPU.ActiveCfg = Release|Any CPU
		{3055DFCD-3003-431A-88E1-3F87DF5DFE45}.Release|Any CPU.Build.0 = Release|Any CPU
		{B7E291FB-50E5-4C3D-87B6-315162D33294}.Debug|Any CPU.ActiveCfg = Debug|Any CPU
		{B7E291FB-50E5-4C3D-87B6-315162D33294}.Debug|Any CPU.Build.0 = Debug|Any CPU
		{B7E291FB-50E5-4C3D-87B6-315162D33294}.Release|Any CPU.ActiveCfg = Release|Any CPU
		{B7E291FB-50E5-4C3D-87B6-315162D33294}.Release|Any CPU.Build.0 = Release|Any CPU
		{D3C34DC9-0CAD-4285-AACD-8FCFEDA26E5C}.Debug|Any CPU.ActiveCfg = Debug|Any CPU
		{D3C34DC9-0CAD-4285-AACD-8FCFEDA26E5C}.Debug|Any CPU.Build.0 = Debug|Any CPU
		{D3C34DC9-0CAD-4285-AACD-8FCFEDA26E5C}.Release|Any CPU.ActiveCfg = Release|Any CPU
		{D3C34DC9-0CAD-4285-AACD-8FCFEDA26E5C}.Release|Any CPU.Build.0 = Release|Any CPU
		{14DB640F-416F-4F3B-A403-7699FD3AF8A4}.Debug|Any CPU.ActiveCfg = Debug|Any CPU
		{14DB640F-416F-4F3B-A403-7699FD3AF8A4}.Debug|Any CPU.Build.0 = Debug|Any CPU
		{14DB640F-416F-4F3B-A403-7699FD3AF8A4}.Release|Any CPU.ActiveCfg = Release|Any CPU
		{14DB640F-416F-4F3B-A403-7699FD3AF8A4}.Release|Any CPU.Build.0 = Release|Any CPU
		{E0EAD332-64FA-45E4-BD24-F156A3DCEC1F}.Debug|Any CPU.ActiveCfg = Debug|Any CPU
		{E0EAD332-64FA-45E4-BD24-F156A3DCEC1F}.Debug|Any CPU.Build.0 = Debug|Any CPU
		{E0EAD332-64FA-45E4-BD24-F156A3DCEC1F}.Release|Any CPU.ActiveCfg = Release|Any CPU
		{E0EAD332-64FA-45E4-BD24-F156A3DCEC1F}.Release|Any CPU.Build.0 = Release|Any CPU
		{DA577162-00BE-4389-80C8-6771E9B2D8DE}.Debug|Any CPU.ActiveCfg = Debug|Any CPU
		{DA577162-00BE-4389-80C8-6771E9B2D8DE}.Debug|Any CPU.Build.0 = Debug|Any CPU
		{DA577162-00BE-4389-80C8-6771E9B2D8DE}.Release|Any CPU.ActiveCfg = Release|Any CPU
		{DA577162-00BE-4389-80C8-6771E9B2D8DE}.Release|Any CPU.Build.0 = Release|Any CPU
		{AC5747D4-E520-47BE-886C-52D2CEAF0BEA}.Debug|Any CPU.ActiveCfg = Debug|Any CPU
		{AC5747D4-E520-47BE-886C-52D2CEAF0BEA}.Debug|Any CPU.Build.0 = Debug|Any CPU
		{AC5747D4-E520-47BE-886C-52D2CEAF0BEA}.Release|Any CPU.ActiveCfg = Release|Any CPU
		{AC5747D4-E520-47BE-886C-52D2CEAF0BEA}.Release|Any CPU.Build.0 = Release|Any CPU
		{24CF9925-83D2-4A1A-9E3A-0DC477DB314E}.Debug|Any CPU.ActiveCfg = Debug|Any CPU
		{24CF9925-83D2-4A1A-9E3A-0DC477DB314E}.Debug|Any CPU.Build.0 = Debug|Any CPU
		{24CF9925-83D2-4A1A-9E3A-0DC477DB314E}.Release|Any CPU.ActiveCfg = Release|Any CPU
		{24CF9925-83D2-4A1A-9E3A-0DC477DB314E}.Release|Any CPU.Build.0 = Release|Any CPU
		{1D1FC75D-9B80-4C1B-A0DC-9C3BA3A2889A}.Debug|Any CPU.ActiveCfg = Debug|Any CPU
		{1D1FC75D-9B80-4C1B-A0DC-9C3BA3A2889A}.Debug|Any CPU.Build.0 = Debug|Any CPU
		{1D1FC75D-9B80-4C1B-A0DC-9C3BA3A2889A}.Release|Any CPU.ActiveCfg = Release|Any CPU
		{1D1FC75D-9B80-4C1B-A0DC-9C3BA3A2889A}.Release|Any CPU.Build.0 = Release|Any CPU
		{678F9A65-AE33-4F8C-954F-6694F6E1CA36}.Debug|Any CPU.ActiveCfg = Debug|Any CPU
		{678F9A65-AE33-4F8C-954F-6694F6E1CA36}.Debug|Any CPU.Build.0 = Debug|Any CPU
		{678F9A65-AE33-4F8C-954F-6694F6E1CA36}.Release|Any CPU.ActiveCfg = Release|Any CPU
		{678F9A65-AE33-4F8C-954F-6694F6E1CA36}.Release|Any CPU.Build.0 = Release|Any CPU
		{BC2E9945-E181-4FEE-A13F-EB65CD550DB0}.Debug|Any CPU.ActiveCfg = Debug|Any CPU
		{BC2E9945-E181-4FEE-A13F-EB65CD550DB0}.Debug|Any CPU.Build.0 = Debug|Any CPU
		{BC2E9945-E181-4FEE-A13F-EB65CD550DB0}.Release|Any CPU.ActiveCfg = Release|Any CPU
		{BC2E9945-E181-4FEE-A13F-EB65CD550DB0}.Release|Any CPU.Build.0 = Release|Any CPU
		{34F5FA5A-E43D-4D20-8D73-57FDFB6F4754}.Debug|Any CPU.ActiveCfg = Debug|Any CPU
		{34F5FA5A-E43D-4D20-8D73-57FDFB6F4754}.Debug|Any CPU.Build.0 = Debug|Any CPU
		{34F5FA5A-E43D-4D20-8D73-57FDFB6F4754}.Release|Any CPU.ActiveCfg = Release|Any CPU
		{34F5FA5A-E43D-4D20-8D73-57FDFB6F4754}.Release|Any CPU.Build.0 = Release|Any CPU
		{7385DB30-1385-4C15-9A9E-31D4F52C63CB}.Debug|Any CPU.ActiveCfg = Debug|Any CPU
		{7385DB30-1385-4C15-9A9E-31D4F52C63CB}.Debug|Any CPU.Build.0 = Debug|Any CPU
		{7385DB30-1385-4C15-9A9E-31D4F52C63CB}.Release|Any CPU.ActiveCfg = Release|Any CPU
		{7385DB30-1385-4C15-9A9E-31D4F52C63CB}.Release|Any CPU.Build.0 = Release|Any CPU
		{6461FCC6-128C-4048-912D-050541581A02}.Debug|Any CPU.ActiveCfg = Debug|Any CPU
		{6461FCC6-128C-4048-912D-050541581A02}.Debug|Any CPU.Build.0 = Debug|Any CPU
		{6461FCC6-128C-4048-912D-050541581A02}.Release|Any CPU.ActiveCfg = Release|Any CPU
		{6461FCC6-128C-4048-912D-050541581A02}.Release|Any CPU.Build.0 = Release|Any CPU
		{C49F7DF7-4B53-48A1-9DE1-3CDC67BCFF52}.Debug|Any CPU.ActiveCfg = Debug|Any CPU
		{C49F7DF7-4B53-48A1-9DE1-3CDC67BCFF52}.Debug|Any CPU.Build.0 = Debug|Any CPU
		{C49F7DF7-4B53-48A1-9DE1-3CDC67BCFF52}.Release|Any CPU.ActiveCfg = Release|Any CPU
		{C49F7DF7-4B53-48A1-9DE1-3CDC67BCFF52}.Release|Any CPU.Build.0 = Release|Any CPU
		{089788F4-8C3F-4A4B-AA74-2A6B3AB0FA2C}.Debug|Any CPU.ActiveCfg = Debug|Any CPU
		{089788F4-8C3F-4A4B-AA74-2A6B3AB0FA2C}.Debug|Any CPU.Build.0 = Debug|Any CPU
		{089788F4-8C3F-4A4B-AA74-2A6B3AB0FA2C}.Release|Any CPU.ActiveCfg = Release|Any CPU
		{089788F4-8C3F-4A4B-AA74-2A6B3AB0FA2C}.Release|Any CPU.Build.0 = Release|Any CPU
	EndGlobalSection
	GlobalSection(SolutionProperties) = preSolution
		HideSolutionNode = FALSE
	EndGlobalSection
	GlobalSection(NestedProjects) = preSolution
		{D36DC97B-8BDF-46CB-90A3-EA06DAE5BC27} = {7F127F65-33E0-4F1F-98F9-8C5D11956D1B}
		{BB5C863D-2B42-4C35-93D1-C0CD35795A11} = {F215E3C0-8F8B-4C0A-B41D-EBF71A7A294D}
		{8B76D441-4042-4F7B-AF51-754E0FB3300E} = {F215E3C0-8F8B-4C0A-B41D-EBF71A7A294D}
		{11C145C7-7AC7-460E-BF53-CB977CF2060B} = {F215E3C0-8F8B-4C0A-B41D-EBF71A7A294D}
		{BDD726EA-6F5D-4382-8B4B-8045F3A1F278} = {F215E3C0-8F8B-4C0A-B41D-EBF71A7A294D}
		{B39BC7C6-C910-4D31-A3A7-A9964CFCCA82} = {F215E3C0-8F8B-4C0A-B41D-EBF71A7A294D}
		{D2C79C3C-AB3F-4FA5-823E-B58461507BE4} = {45488EB3-29D9-4B70-AA5B-1C3733FD4867}
		{45488EB3-29D9-4B70-AA5B-1C3733FD4867} = {8B76D441-4042-4F7B-AF51-754E0FB3300E}
		{80B6DE3A-6B7D-431B-B2A2-4190EDE292B0} = {8B76D441-4042-4F7B-AF51-754E0FB3300E}
		{0210E564-98C4-467D-9083-34D4608C9296} = {8B76D441-4042-4F7B-AF51-754E0FB3300E}
		{F7317EA1-6AB6-454B-AC90-52FBC9EFC059} = {8B76D441-4042-4F7B-AF51-754E0FB3300E}
		{64B5F830-C450-42E6-A1F3-9A77F16FD830} = {8B76D441-4042-4F7B-AF51-754E0FB3300E}
		{6FD76E87-40D4-41B1-835E-56718DB894D6} = {0210E564-98C4-467D-9083-34D4608C9296}
		{037B4EE1-4FB6-4EBA-9EE1-E88A78BCCE7D} = {F7317EA1-6AB6-454B-AC90-52FBC9EFC059}
		{09402011-E9E7-464B-87D8-3FB087F76688} = {B39BC7C6-C910-4D31-A3A7-A9964CFCCA82}
		{5FD5A0DC-88FB-4D43-815C-5098EF4AF977} = {B39BC7C6-C910-4D31-A3A7-A9964CFCCA82}
		{3055DFCD-3003-431A-88E1-3F87DF5DFE45} = {B39BC7C6-C910-4D31-A3A7-A9964CFCCA82}
		{B7E291FB-50E5-4C3D-87B6-315162D33294} = {64B5F830-C450-42E6-A1F3-9A77F16FD830}
		{D3C34DC9-0CAD-4285-AACD-8FCFEDA26E5C} = {64B5F830-C450-42E6-A1F3-9A77F16FD830}
		{14DB640F-416F-4F3B-A403-7699FD3AF8A4} = {80B6DE3A-6B7D-431B-B2A2-4190EDE292B0}
		{E0EAD332-64FA-45E4-BD24-F156A3DCEC1F} = {A329F0FB-31DD-499B-B8F8-2AB6A752559F}
		{5608A8B5-E7C8-4044-B0FF-DE645B535A91} = {BDD726EA-6F5D-4382-8B4B-8045F3A1F278}
		{1318B8D0-59F8-41DC-977D-4017A7CF5761} = {BDD726EA-6F5D-4382-8B4B-8045F3A1F278}
		{66E893C3-772A-4691-95A2-D16ED6F075E5} = {BDD726EA-6F5D-4382-8B4B-8045F3A1F278}
		{88DB1714-FAF6-4D72-9182-789BF111D9FE} = {BDD726EA-6F5D-4382-8B4B-8045F3A1F278}
		{03FF9B31-F28A-4EBA-923A-DD1120FA9F29} = {BDD726EA-6F5D-4382-8B4B-8045F3A1F278}
		{DA577162-00BE-4389-80C8-6771E9B2D8DE} = {66E893C3-772A-4691-95A2-D16ED6F075E5}
		{AC5747D4-E520-47BE-886C-52D2CEAF0BEA} = {1318B8D0-59F8-41DC-977D-4017A7CF5761}
		{24CF9925-83D2-4A1A-9E3A-0DC477DB314E} = {88DB1714-FAF6-4D72-9182-789BF111D9FE}
		{1D1FC75D-9B80-4C1B-A0DC-9C3BA3A2889A} = {5608A8B5-E7C8-4044-B0FF-DE645B535A91}
		{678F9A65-AE33-4F8C-954F-6694F6E1CA36} = {03FF9B31-F28A-4EBA-923A-DD1120FA9F29}
		{BC2E9945-E181-4FEE-A13F-EB65CD550DB0} = {03FF9B31-F28A-4EBA-923A-DD1120FA9F29}
		{A32385A1-36D1-4435-B0B6-070B352DAC27} = {11C145C7-7AC7-460E-BF53-CB977CF2060B}
		{679D111A-EC07-4467-86EB-ED58E613366B} = {11C145C7-7AC7-460E-BF53-CB977CF2060B}
		{677FC390-8A15-4EC3-9834-57A7599E9531} = {11C145C7-7AC7-460E-BF53-CB977CF2060B}
		{9440DE25-6578-4BCF-AC6E-8D41CEFB44E9} = {11C145C7-7AC7-460E-BF53-CB977CF2060B}
		{34F5FA5A-E43D-4D20-8D73-57FDFB6F4754} = {679D111A-EC07-4467-86EB-ED58E613366B}
		{7385DB30-1385-4C15-9A9E-31D4F52C63CB} = {677FC390-8A15-4EC3-9834-57A7599E9531}
		{6461FCC6-128C-4048-912D-050541581A02} = {9440DE25-6578-4BCF-AC6E-8D41CEFB44E9}
		{C49F7DF7-4B53-48A1-9DE1-3CDC67BCFF52} = {A32385A1-36D1-4435-B0B6-070B352DAC27}
		{089788F4-8C3F-4A4B-AA74-2A6B3AB0FA2C} = {9440DE25-6578-4BCF-AC6E-8D41CEFB44E9}
	EndGlobalSection
	GlobalSection(ExtensibilityGlobals) = postSolution
		SolutionGuid = {1C708994-D820-4B22-9B65-81DB67765FB8}
	EndGlobalSection
EndGlobal
