
Microsoft Visual Studio Solution File, Format Version 12.00
# Visual Studio Version 17
VisualStudioVersion = 17.13.35828.75 d17.13
MinimumVisualStudioVersion = 10.0.40219.1
Project("{2150E333-8FDC-42A3-9474-1A3956D46DE8}") = "01.Clients", "01.Clients", "{02EA681E-C7D8-13C7-8484-4AC65E1B71E8}"
EndProject
Project("{2150E333-8FDC-42A3-9474-1A3956D46DE8}") = "02.Api.Gateways", "02.Api.Gateways", "{7F127F65-33E0-4F1F-98F9-8C5D11956D1B}"
EndProject
Project("{2150E333-8FDC-42A3-9474-1A3956D46DE8}") = "03.Services", "03.Services", "{F215E3C0-8F8B-4C0A-B41D-EBF71A7A294D}"
EndProject
Project("{2150E333-8FDC-42A3-9474-1A3956D46DE8}") = "04.Common", "04.Common", "{A329F0FB-31DD-499B-B8F8-2AB6A752559F}"
EndProject
Project("{2150E333-8FDC-42A3-9474-1A3956D46DE8}") = "Web.Gateway", "Web.Gateway", "{D36DC97B-8BDF-46CB-90A3-EA06DAE5BC27}"
EndProject
Project("{2150E333-8FDC-42A3-9474-1A3956D46DE8}") = "01.Identity", "01.Identity", "{BB5C863D-2B42-4C35-93D1-C0CD35795A11}"
EndProject
Project("{2150E333-8FDC-42A3-9474-1A3956D46DE8}") = "02.Catalog", "02.Catalog", "{8B76D441-4042-4F7B-AF51-754E0FB3300E}"
EndProject
Project("{2150E333-8FDC-42A3-9474-1A3956D46DE8}") = "03.Costumer", "03.Costumer", "{11C145C7-7AC7-460E-BF53-CB977CF2060B}"
EndProject
Project("{2150E333-8FDC-42A3-9474-1A3956D46DE8}") = "04.Order", "04.Order", "{BDD726EA-6F5D-4382-8B4B-8045F3A1F278}"
EndProject
Project("{2150E333-8FDC-42A3-9474-1A3956D46DE8}") = "05. Common", "05. Common", "{B39BC7C6-C910-4D31-A3A7-A9964CFCCA82}"
EndProject
Project("{FAE04EC0-301F-11D3-BF4B-00C04F79EFBC}") = "Catalog.API", "src\Services\Catalog\Catalog.API\Catalog.API.csproj", "{D2C79C3C-AB3F-4FA5-823E-B58461507BE4}"
EndProject
Project("{2150E333-8FDC-42A3-9474-1A3956D46DE8}") = "API", "API", "{45488EB3-29D9-4B70-AA5B-1C3733FD4867}"
EndProject
Project("{2150E333-8FDC-42A3-9474-1A3956D46DE8}") = "Common", "Common", "{80B6DE3A-6B7D-431B-B2A2-4190EDE292B0}"
EndProject
Project("{2150E333-8FDC-42A3-9474-1A3956D46DE8}") = "Models", "Models", "{0210E564-98C4-467D-9083-34D4608C9296}"
EndProject
Project("{2150E333-8FDC-42A3-9474-1A3956D46DE8}") = "Persistence", "Persistence", "{F7317EA1-6AB6-454B-AC90-52FBC9EFC059}"
EndProject
Project("{2150E333-8FDC-42A3-9474-1A3956D46DE8}") = "Services", "Services", "{64B5F830-C450-42E6-A1F3-9A77F16FD830}"
EndProject
Project("{FAE04EC0-301F-11D3-BF4B-00C04F79EFBC}") = "Catalog.Domain", "src\Services\Catalog\Catalog.Domain\Catalog.Domain.csproj", "{6FD76E87-40D4-41B1-835E-56718DB894D6}"
EndProject
Project("{FAE04EC0-301F-11D3-BF4B-00C04F79EFBC}") = "Catalog.Persistence.Database", "src\Services\Catalog\Catalog.Persistence.Database\Catalog.Persistence.Database.csproj", "{037B4EE1-4FB6-4EBA-9EE1-E88A78BCCE7D}"
EndProject
Global
	GlobalSection(SolutionConfigurationPlatforms) = preSolution
		Debug|Any CPU = Debug|Any CPU
		Release|Any CPU = Release|Any CPU
	EndGlobalSection
	GlobalSection(ProjectConfigurationPlatforms) = postSolution
		{D2C79C3C-AB3F-4FA5-823E-B58461507BE4}.Debug|Any CPU.ActiveCfg = Debug|Any CPU
		{D2C79C3C-AB3F-4FA5-823E-B58461507BE4}.Debug|Any CPU.Build.0 = Debug|Any CPU
		{D2C79C3C-AB3F-4FA5-823E-B58461507BE4}.Release|Any CPU.ActiveCfg = Release|Any CPU
		{D2C79C3C-AB3F-4FA5-823E-B58461507BE4}.Release|Any CPU.Build.0 = Release|Any CPU
		{6FD76E87-40D4-41B1-835E-56718DB894D6}.Debug|Any CPU.ActiveCfg = Debug|Any CPU
		{6FD76E87-40D4-41B1-835E-56718DB894D6}.Debug|Any CPU.Build.0 = Debug|Any CPU
		{6FD76E87-40D4-41B1-835E-56718DB894D6}.Release|Any CPU.ActiveCfg = Release|Any CPU
		{6FD76E87-40D4-41B1-835E-56718DB894D6}.Release|Any CPU.Build.0 = Release|Any CPU
		{037B4EE1-4FB6-4EBA-9EE1-E88A78BCCE7D}.Debug|Any CPU.ActiveCfg = Debug|Any CPU
		{037B4EE1-4FB6-4EBA-9EE1-E88A78BCCE7D}.Debug|Any CPU.Build.0 = Debug|Any CPU
		{037B4EE1-4FB6-4EBA-9EE1-E88A78BCCE7D}.Release|Any CPU.ActiveCfg = Release|Any CPU
		{037B4EE1-4FB6-4EBA-9EE1-E88A78BCCE7D}.Release|Any CPU.Build.0 = Release|Any CPU
	EndGlobalSection
	GlobalSection(SolutionProperties) = preSolution
		HideSolutionNode = FALSE
	EndGlobalSection
	GlobalSection(NestedProjects) = preSolution
		{D36DC97B-8BDF-46CB-90A3-EA06DAE5BC27} = {7F127F65-33E0-4F1F-98F9-8C5D11956D1B}
		{BB5C863D-2B42-4C35-93D1-C0CD35795A11} = {F215E3C0-8F8B-4C0A-B41D-EBF71A7A294D}
		{8B76D441-4042-4F7B-AF51-754E0FB3300E} = {F215E3C0-8F8B-4C0A-B41D-EBF71A7A294D}
		{11C145C7-7AC7-460E-BF53-CB977CF2060B} = {F215E3C0-8F8B-4C0A-B41D-EBF71A7A294D}
		{BDD726EA-6F5D-4382-8B4B-8045F3A1F278} = {F215E3C0-8F8B-4C0A-B41D-EBF71A7A294D}
		{B39BC7C6-C910-4D31-A3A7-A9964CFCCA82} = {F215E3C0-8F8B-4C0A-B41D-EBF71A7A294D}
		{D2C79C3C-AB3F-4FA5-823E-B58461507BE4} = {45488EB3-29D9-4B70-AA5B-1C3733FD4867}
		{45488EB3-29D9-4B70-AA5B-1C3733FD4867} = {8B76D441-4042-4F7B-AF51-754E0FB3300E}
		{80B6DE3A-6B7D-431B-B2A2-4190EDE292B0} = {8B76D441-4042-4F7B-AF51-754E0FB3300E}
		{0210E564-98C4-467D-9083-34D4608C9296} = {8B76D441-4042-4F7B-AF51-754E0FB3300E}
		{F7317EA1-6AB6-454B-AC90-52FBC9EFC059} = {8B76D441-4042-4F7B-AF51-754E0FB3300E}
		{64B5F830-C450-42E6-A1F3-9A77F16FD830} = {8B76D441-4042-4F7B-AF51-754E0FB3300E}
		{6FD76E87-40D4-41B1-835E-56718DB894D6} = {0210E564-98C4-467D-9083-34D4608C9296}
		{037B4EE1-4FB6-4EBA-9EE1-E88A78BCCE7D} = {F7317EA1-6AB6-454B-AC90-52FBC9EFC059}
	EndGlobalSection
	GlobalSection(ExtensibilityGlobals) = postSolution
		SolutionGuid = {1C708994-D820-4B22-9B65-81DB67765FB8}
	EndGlobalSection
EndGlobal
